
Microsoft Visual Studio Solution File, Format Version 12.00
# Visual Studio Version 17
VisualStudioVersion = 17.11.35303.130
MinimumVisualStudioVersion = 10.0.40219.1
Project("{FAE04EC0-301F-11D3-BF4B-00C04F79EFBC}") = "ComputerAPI", "ComputerAPI\ComputerAPI.csproj", "{72BA6704-5A2B-459E-9537-62D3AD38C969}"
EndProject
Project("{2150E333-8FDC-42A3-9474-1A3956D46DE8}") = "Solution Items", "Solution Items", "{5255CBCA-C5B2-4138-B9EA-9844945241E5}"
	ProjectSection(SolutionItems) = preProject
		.gitignore = .gitignore
	EndProjectSection
EndProject
Global
	GlobalSection(SolutionConfigurationPlatforms) = preSolution
		Debug|Any CPU = Debug|Any CPU
		Release|Any CPU = Release|Any CPU
	EndGlobalSection
	GlobalSection(ProjectConfigurationPlatforms) = postSolution
		{72BA6704-5A2B-459E-9537-62D3AD38C969}.Debug|Any CPU.ActiveCfg = Debug|Any CPU
		{72BA6704-5A2B-459E-9537-62D3AD38C969}.Debug|Any CPU.Build.0 = Debug|Any CPU
		{72BA6704-5A2B-459E-9537-62D3AD38C969}.Release|Any CPU.ActiveCfg = Release|Any CPU
		{72BA6704-5A2B-459E-9537-62D3AD38C969}.Release|Any CPU.Build.0 = Release|Any CPU
	EndGlobalSection
	GlobalSection(SolutionProperties) = preSolution
		HideSolutionNode = FALSE
	EndGlobalSection
	GlobalSection(ExtensibilityGlobals) = postSolution
		SolutionGuid = {A340E3B9-6758-483A-B26E-1640F6723D9A}
	EndGlobalSection
EndGlobal
